
Microsoft Visual Studio Solution File, Format Version 12.00
# Visual Studio Version 17
VisualStudioVersion = 17.5.33530.505
MinimumVisualStudioVersion = 10.0.40219.1
Project("{FAE04EC0-301F-11D3-BF4B-00C04F79EFBC}") = "RazorPagesAssignment", "RazorPagesAssignment.csproj", "{909B87AA-DCE7-40FD-B320-050BA14B8378}"
EndProject
Global
	GlobalSection(SolutionConfigurationPlatforms) = preSolution
		Debug|Any CPU = Debug|Any CPU
		Release|Any CPU = Release|Any CPU
	EndGlobalSection
	GlobalSection(ProjectConfigurationPlatforms) = postSolution
		{909B87AA-DCE7-40FD-B320-050BA14B8378}.Debug|Any CPU.ActiveCfg = Debug|Any CPU
		{909B87AA-DCE7-40FD-B320-050BA14B8378}.Debug|Any CPU.Build.0 = Debug|Any CPU
		{909B87AA-DCE7-40FD-B320-050BA14B8378}.Release|Any CPU.ActiveCfg = Release|Any CPU
		{909B87AA-DCE7-40FD-B320-050BA14B8378}.Release|Any CPU.Build.0 = Release|Any CPU
	EndGlobalSection
	GlobalSection(SolutionProperties) = preSolution
		HideSolutionNode = FALSE
	EndGlobalSection
	GlobalSection(ExtensibilityGlobals) = postSolution
		SolutionGuid = {DE80EB4F-2133-4270-A167-A5A1311832DF}
	EndGlobalSection
EndGlobal
